%{
  "earmark": {:hex, :earmark, "1.4.9", "837e4c1c5302b3135e9955f2bbf52c6c52e950c383983942b68b03909356c0d9", [:mix], [{:earmark_parser, ">= 1.4.9", [hex: :earmark_parser, repo: "hexpm", optional: false]}], "hexpm", "0d72df7d13a3dc8422882bed5263fdec5a773f56f7baeb02379361cb9e5b0d8e"},
  "earmark_parser": {:hex, :earmark_parser, "1.4.9", "819bda2049e6ee1365424e4ced1ba65806eacf0d2867415f19f3f80047f8037b", [:mix], [], "hexpm", "8bf54fddabf2d7e137a0c22660e71b49d5a0a82d1fb05b5af62f2761cd6485c4"},
  "elixir_uuid": {:hex, :elixir_uuid, "1.2.1", "dce506597acb7e6b0daeaff52ff6a9043f5919a4c3315abb4143f0b00378c097", [:mix], [], "hexpm", "f7eba2ea6c3555cea09706492716b0d87397b88946e6380898c2889d68585752"},
  "ex_doc": {:hex, :ex_doc, "0.22.1", "9bb6d51508778193a4ea90fa16eac47f8b67934f33f8271d5e1edec2dc0eee4c", [:mix], [{:earmark, "~> 1.4.0", [hex: :earmark, repo: "hexpm", optional: false]}, {:makeup_elixir, "~> 0.14", [hex: :makeup_elixir, repo: "hexpm", optional: false]}], "hexpm", "d957de1b75cb9f78d3ee17820733dc4460114d8b1e11f7ee4fd6546e69b1db60"},
  "exq": {:hex, :exq, "0.16.1", "140d78e95a538d265d23a1e7a090f501c40c799f269b8b503f4cbd962447e708", [:mix], [{:elixir_uuid, ">= 1.2.0", [hex: :elixir_uuid, repo: "hexpm", optional: false]}, {:jason, "~> 1.0", [hex: :jason, repo: "hexpm", optional: true]}, {:poison, ">= 1.2.0 and < 5.0.0", [hex: :poison, repo: "hexpm", optional: true]}, {:redix, ">= 0.9.0", [hex: :redix, repo: "hexpm", optional: false]}], "hexpm", "ce70231e2892130b0f80d1bbc8d6ddd22d89d1157b32e783a933eaadb31bc821"},
  "makeup": {:hex, :makeup, "1.0.3", "e339e2f766d12e7260e6672dd4047405963c5ec99661abdc432e6ec67d29ef95", [:mix], [{:nimble_parsec, "~> 0.5", [hex: :nimble_parsec, repo: "hexpm", optional: false]}], "hexpm", "2e9b4996d11832947731f7608fed7ad2f9443011b3b479ae288011265cdd3dad"},
  "makeup_elixir": {:hex, :makeup_elixir, "0.14.1", "4f0e96847c63c17841d42c08107405a005a2680eb9c7ccadfd757bd31dabccfb", [:mix], [{:makeup, "~> 1.0", [hex: :makeup, repo: "hexpm", optional: false]}], "hexpm", "f2438b1a80eaec9ede832b5c41cd4f373b38fd7aa33e3b22d9db79e640cbde11"},
  "nimble_parsec": {:hex, :nimble_parsec, "0.6.0", "32111b3bf39137144abd7ba1cce0914533b2d16ef35e8abc5ec8be6122944263", [:mix], [], "hexpm", "27eac315a94909d4dc68bc07a4a83e06c8379237c5ea528a9acff4ca1c873c52"},
  "redix": {:hex, :redix, "1.1.5", "6fc460d66a5c2287e83e6d73dddc8d527ff59cb4d4f298b41e03a4db8c3b2bd5", [:mix], [{:castore, "~> 0.1.0", [hex: :castore, repo: "hexpm", optional: true]}, {:telemetry, "~> 0.4.0 or ~> 1.0", [hex: :telemetry, repo: "hexpm", optional: false]}], "hexpm", "679afdd4c14502fe9c11387ff1cdcb33065a1cf511097da1eee407f17c7a418b"},
  "stream_data": {:hex, :stream_data, "0.5.0", "b27641e58941685c75b353577dc602c9d2c12292dd84babf506c2033cd97893e", [:mix], [], "hexpm", "012bd2eec069ada4db3411f9115ccafa38540a3c78c4c0349f151fc761b9e271"},
  "telemetry": {:hex, :telemetry, "0.4.3", "a06428a514bdbc63293cd9a6263aad00ddeb66f608163bdec7c8995784080818", [:rebar3], [], "hexpm", "eb72b8365ffda5bed68a620d1da88525e326cb82a75ee61354fc24b844768041"},
}
